
Microsoft Visual Studio Solution File, Format Version 12.00
# Visual Studio Version 16
VisualStudioVersion = 25.0.1706.13
MinimumVisualStudioVersion = 10.0.40219.1
Project("{FAE04EC0-301F-11D3-BF4B-00C04F79EFBC}") = "authentication", "authentication.csproj", "{16232A45-3FB8-4457-9469-AF0AE4157465}"
EndProject
Global
	GlobalSection(SolutionConfigurationPlatforms) = preSolution
		Debug|Any CPU = Debug|Any CPU
		Release|Any CPU = Release|Any CPU
	EndGlobalSection
	GlobalSection(ProjectConfigurationPlatforms) = postSolution
		{16232A45-3FB8-4457-9469-AF0AE4157465}.Debug|Any CPU.ActiveCfg = Debug|Any CPU
		{16232A45-3FB8-4457-9469-AF0AE4157465}.Debug|Any CPU.Build.0 = Debug|Any CPU
		{16232A45-3FB8-4457-9469-AF0AE4157465}.Release|Any CPU.ActiveCfg = Release|Any CPU
		{16232A45-3FB8-4457-9469-AF0AE4157465}.Release|Any CPU.Build.0 = Release|Any CPU
	EndGlobalSection
	GlobalSection(SolutionProperties) = preSolution
		HideSolutionNode = FALSE
	EndGlobalSection
	GlobalSection(ExtensibilityGlobals) = postSolution
		SolutionGuid = {BA6721D8-14D8-474D-8690-508817C376AB}
	EndGlobalSection
EndGlobal
